# This file is automatically @generated by Cargo.
# It is not intended for manual editing.
version = 4

[[package]]
name = "anyhow"
version = "1.0.82"
source = "registry+https://github.com/rust-lang/crates.io-index"
checksum = "abc123def456ghi789jkl012mno345pqr678stu901vwx234yz0"

[[package]]
name = "clap"
version = "4.5.4"
source = "registry+https://github.com/rust-lang/crates.io-index"
checksum = "def456ghi789jkl012mno345pqr678stu901vwx234yz0abc123"
dependencies = [
 "clap_builder",
 "clap_derive",
]

[[package]]
name = "clap_builder"
version = "4.5.2"
source = "registry+https://github.com/rust-lang/crates.io-index"
checksum = "ghi789jkl012mno345pqr678stu901vwx234yz0abc123def456"

[[package]]
name = "clap_derive"
version = "4.5.4"
source = "registry+https://github.com/rust-lang/crates.io-index"
checksum = "jkl012mno345pqr678stu901vwx234yz0abc123def456ghi789"

[[package]]
name = "serde"
version = "1.0.198"
source = "registry+https://github.com/rust-lang/crates.io-index"
checksum = "mno345pqr678stu901vwx234yz0abc123def456ghi789jkl012"
dependencies = [
 "serde_derive",
]

[[package]]
name = "serde_derive"
version = "1.0.198"
source = "registry+https://github.com/rust-lang/crates.io-index"
checksum = "pqr678stu901vwx234yz0abc123def456ghi789jkl012mno345"

[[package]]
name = "serde_json"
version = "1.0.116"
source = "registry+https://github.com/rust-lang/crates.io-index"
checksum = "stu901vwx234yz0abc123def456ghi789jkl012mno345pqr678"
dependencies = [
 "serde",
]

[[package]]
name = "tokio"
version = "1.37.0"
source = "registry+https://github.com/rust-lang/crates.io-index"
checksum = "vwx234yz0abc123def456ghi789jkl012mno345pqr678stu901"

[[package]]
name = "regex"
version = "1.10.4"
source = "registry+https://github.com/rust-lang/crates.io-index"
checksum = "yz0abc123def456ghi789jkl012mno345pqr678stu901vwx234"

[[package]]
name = "semver"
version = "1.0.22"
source = "registry+https://github.com/rust-lang/crates.io-index"
checksum = "123def456ghi789jkl012mno345pqr678stu901vwx234yz0abc"

[[package]]
name = "thiserror"
version = "2.0.0"
source = "registry+https://github.com/rust-lang/crates.io-index"
checksum = "456ghi789jkl012mno345pqr678stu901vwx234yz0abc123def"

[[package]]
name = "reqwest"
version = "0.13.0"
source = "registry+https://github.com/rust-lang/crates.io-index"
checksum = "789jkl012mno345pqr678stu901vwx234yz0abc123def456ghi"

[[package]]
name = "tracing"
version = "0.1.40"
source = "registry+https://github.com/rust-lang/crates.io-index"
checksum = "012mno345pqr678stu901vwx234yz0abc123def456ghi789jkl"

[[package]]
name = "chrono"
version = "0.4.38"
source = "registry+https://github.com/rust-lang/crates.io-index"
checksum = "345pqr678stu901vwx234yz0abc123def456ghi789jkl012mno"

[[package]]
name = "uuid"
version = "1.8.0"
source = "registry+https://github.com/rust-lang/crates.io-index"
checksum = "678stu901vwx234yz0abc123def456ghi789jkl012mno345pqr"

[[package]]
name = "example-app"
version = "0.1.0"
dependencies = [
 "anyhow",
 "clap",
 "serde",
 "serde_json",
 "tokio",
]

[[package]]
name = "example-core"
version = "0.1.0"
dependencies = [
 "serde",
 "thiserror",
 "regex",
 "semver",
]

[[package]]
name = "sketchy-git-crate"
version = "0.1.0"
source = "git+https://github.com/example/sketchy-git-crate.git?branch=main#abc123def456"

[[package]]
name = "local-path-crate"
version = "0.1.0"
source = "path+file:///Users/dev/local-path-crate"

[[package]]
name = "alt-registry-crate"
version = "0.5.0"
source = "registry+https://cargo.example.com/index"
