github.com/gin-gonic/gin v1.9.1 h1:abc123def456ghi789jkl012mno345pqr678stu901vwx234yz0=
github.com/gin-gonic/gin v1.9.1/go.mod h1:def456ghi789jkl012mno345pqr678stu901vwx234yz0abc123=
github.com/go-playground/validator/v10 v10.19.0 h1:ghi789jkl012mno345pqr678stu901vwx234yz0abc123def456=
github.com/go-playground/validator/v10 v10.19.0/go.mod h1:jkl012mno345pqr678stu901vwx234yz0abc123def456ghi789=
github.com/json-iterator/go v1.1.12 h1:mno345pqr678stu901vwx234yz0abc123def456ghi789jkl012=
github.com/json-iterator/go v1.1.12/go.mod h1:pqr678stu901vwx234yz0abc123def456ghi789jkl012mno345=
github.com/stretchr/testify v1.9.0 h1:stu901vwx234yz0abc123def456ghi789jkl012mno345pqr678=
github.com/stretchr/testify v1.9.0/go.mod h1:vwx234yz0abc123def456ghi789jkl012mno345pqr678stu901=
golang.org/x/crypto v0.22.0 h1:yz0abc123def456ghi789jkl012mno345pqr678stu901vwx234=
golang.org/x/crypto v0.22.0/go.mod h1:123def456ghi789jkl012mno345pqr678stu901vwx234yz0abc=
golang.org/x/net v0.24.0 h1:456ghi789jkl012mno345pqr678stu901vwx234yz0abc123def=
golang.org/x/net v0.24.0/go.mod h1:789jkl012mno345pqr678stu901vwx234yz0abc123def456ghi=
golang.org/x/text v0.14.0 h1:012mno345pqr678stu901vwx234yz0abc123def456ghi789jkl=
golang.org/x/text v0.14.0/go.mod h1:345pqr678stu901vwx234yz0abc123def456ghi789jkl012mno=
google.golang.org/protobuf v1.33.0 h1:678stu901vwx234yz0abc123def456ghi789jkl012mno345pqr=
google.golang.org/protobuf v1.33.0/go.mod h1:901vwx234yz0abc123def456ghi789jkl012mno345pqr678stu=
gopkg.in/yaml.v3 v3.0.1 h1:abc987def654ghi321jkl098mno765pqr432stu109vwx876yz0=
gopkg.in/yaml.v3 v3.0.1/go.mod h1:def654ghi321jkl098mno765pqr432stu109vwx876yz0abc987=
github.com/gorilla/mux v1.8.1 h1:ghi321jkl098mno765pqr432stu109vwx876yz0abc987def654=
github.com/gorilla/mux v1.8.1/go.mod h1:jkl098mno765pqr432stu109vwx876yz0abc987def654ghi321=
github.com/sirupsen/logrus v1.9.3 h1:mno765pqr432stu109vwx876yz0abc987def654ghi321jkl098=
github.com/sirupsen/logrus v1.9.3/go.mod h1:pqr432stu109vwx876yz0abc987def654ghi321jkl098mno765=
github.com/spf13/cobra v1.8.0 h1:stu109vwx876yz0abc987def654ghi321jkl098mno765pqr432=
github.com/spf13/cobra v1.8.0/go.mod h1:vwx876yz0abc987def654ghi321jkl098mno765pqr432stu109=
github.com/spf13/viper v1.18.2 h1:yz0987abc654def321ghi098jkl765mno432pqr109stu876vwx=
github.com/spf13/viper v1.18.2/go.mod h1:123654abc987def321ghi098jkl765mno432pqr109stu876vwx=
