# THIS IS AN AUTOGENERATED FILE. DO NOT EDIT THIS FILE DIRECTLY.
# yarn lockfile v1


"@babel/core@^7.24.0":
  version "7.24.5"
  resolved "https://registry.yarnpkg.com/@babel/core/-/core-7.24.5.tgz#abc123"
  integrity sha512-abc123def456ghi789jkl012mno345pqr678stu901vwx234yz0
  dependencies:
    "@babel/generator" "^7.24.5"
    "@babel/helper-compilation-targets" "^7.24.5"

"@babel/generator@^7.24.5":
  version "7.24.5"
  resolved "https://registry.yarnpkg.com/@babel/generator/-/generator-7.24.5.tgz#def456"
  integrity sha512-def456ghi789jkl012mno345pqr678stu901vwx234yz0abc123

"@tanstack/react-query@^5.32.0":
  version "5.32.1"
  resolved "https://registry.yarnpkg.com/@tanstack/react-query/-/react-query-5.32.1.tgz#ghi789"
  integrity sha512-ghi789jkl012mno345pqr678stu901vwx234yz0abc123def456

express@^4.18.0:
  version "4.18.2"
  resolved "https://registry.yarnpkg.com/express/-/express-4.18.2.tgz#jkl012"
  integrity sha512-jkl012mno345pqr678stu901vwx234yz0abc123def456ghi789
  dependencies:
    accepts "~1.3.8"
    body-parser "1.20.1"
    cookie "0.5.0"

accepts@~1.3.8:
  version "1.3.8"
  resolved "https://registry.yarnpkg.com/accepts/-/accepts-1.3.8.tgz#mno345"
  integrity sha512-mno345pqr678stu901vwx234yz0abc123def456ghi789jkl012

body-parser@1.20.1:
  version "1.20.1"
  resolved "https://registry.yarnpkg.com/body-parser/-/body-parser-1.20.1.tgz#pqr678"
  integrity sha512-pqr678stu901vwx234yz0abc123def456ghi789jkl012mno345

cookie@0.5.0:
  version "0.5.0"
  resolved "https://registry.yarnpkg.com/cookie/-/cookie-0.5.0.tgz#stu901"
  integrity sha512-stu901vwx234yz0abc123def456ghi789jkl012mno345pqr678

lodash@^4.17.21:
  version "4.17.21"
  resolved "https://registry.yarnpkg.com/lodash/-/lodash-4.17.21.tgz#vwx234"
  integrity sha512-vwx234yz0abc123def456ghi789jkl012mno345pqr678stu901

react@^18.2.0:
  version "18.2.0"
  resolved "https://registry.yarnpkg.com/react/-/react-18.2.0.tgz#yz0abc"
  integrity sha512-yz0abc123def456ghi789jkl012mno345pqr678stu901vwx234

react-dom@^18.2.0:
  version "18.2.0"
  resolved "https://registry.yarnpkg.com/react-dom/-/react-dom-18.2.0.tgz#123def"
  integrity sha512-123def456ghi789jkl012mno345pqr678stu901vwx234yz0abc
  dependencies:
    react "^18.2.0"
    scheduler "^0.23.0"

scheduler@^0.23.0:
  version "0.23.0"
  resolved "https://registry.yarnpkg.com/scheduler/-/scheduler-0.23.0.tgz#456ghi"
  integrity sha512-456ghi789jkl012mno345pqr678stu901vwx234yz0abc123def

semver@^7.5.4:
  version "7.6.0"
  resolved "https://registry.yarnpkg.com/semver/-/semver-7.6.0.tgz#789jkl"
  integrity sha512-789jkl012mno345pqr678stu901vwx234yz0abc123def456ghi

tslib@^2.6.0:
  version "2.6.2"
  resolved "https://registry.yarnpkg.com/tslib/-/tslib-2.6.2.tgz#012mno"
  integrity sha512-012mno345pqr678stu901vwx234yz0abc123def456ghi789jkl

typescript@^5.4.0:
  version "5.4.5"
  resolved "https://registry.yarnpkg.com/typescript/-/typescript-5.4.5.tgz#345pqr"
  integrity sha512-345pqr678stu901vwx234yz0abc123def456ghi789jkl012mno

uuid@^9.0.0:
  version "9.0.1"
  resolved "https://registry.yarnpkg.com/uuid/-/uuid-9.0.1.tgz#678stu"
  integrity sha512-678stu901vwx234yz0abc123def456ghi789jkl012mno345pqr

zod@^3.22.0:
  version "3.22.4"
  resolved "https://registry.yarnpkg.com/zod/-/zod-3.22.4.tgz#901vwx"
  integrity sha512-901vwx234yz0abc123def456ghi789jkl012mno345pqr678stu

sketchy-lib@^1.0.0:
  version "1.0.0"
  resolved "git+https://github.com/example/sketchy-lib.git#abc123"

local-util@^1.0.0:
  version "1.0.0"
  resolved "file:../local-util"

old-http-pkg@^2.0.0:
  version "2.0.1"
  resolved "http://registry.npmjs.org/old-http-pkg/-/old-http-pkg-2.0.1.tgz#risky"
