__metadata:
  version: 8
  cacheKey: 10c0

"@babel/core@npm:^7.24.0":
  version: 7.24.5
  resolution: "@babel/core@npm:7.24.5"
  dependencies:
    "@babel/generator": "npm:^7.24.5"
  checksum: 10c0/abc123def456ghi789jkl012mno345pqr678stu901vwx234yz0abc123def456
  languageName: node
  linkType: hard

"@babel/generator@npm:^7.24.5":
  version: 7.24.5
  resolution: "@babel/generator@npm:7.24.5"
  checksum: 10c0-def456ghi789jkl012mno345pqr678stu901vwx234yz0abc123def456ghi789
  languageName: node
  linkType: hard

"@tanstack/query-core@npm:^5.32.0":
  version: 5.32.1
  resolution: "@tanstack/query-core@npm:5.32.1"
  checksum: 10c0-ghi789jkl012mno345pqr678stu901vwx234yz0abc123def456ghi789jkl012
  languageName: node
  linkType: hard

"express@npm:^4.18.0":
  version: 4.18.2
  resolution: "express@npm:4.18.2"
  dependencies:
    accepts: "npm:~1.3.8"
    cookie: "npm:0.5.0"
  checksum: 10c0-jkl012mno345pqr678stu901vwx234yz0abc123def456ghi789jkl012mno345
  languageName: node
  linkType: hard

"accepts@npm:~1.3.8":
  version: 1.3.8
  resolution: "accepts@npm:1.3.8"
  checksum: 10c0-mno345pqr678stu901vwx234yz0abc123def456ghi789jkl012mno345pqr678
  languageName: node
  linkType: hard

"cookie@npm:0.5.0":
  version: 0.5.0
  resolution: "cookie@npm:0.5.0"
  checksum: 10c0-pqr678stu901vwx234yz0abc123def456ghi789jkl012mno345pqr678stu901
  languageName: node
  linkType: hard

"lodash@npm:^4.17.21":
  version: 4.17.21
  resolution: "lodash@npm:4.17.21"
  checksum: 10c0-stu901vwx234yz0abc123def456ghi789jkl012mno345pqr678stu901vwx234
  languageName: node
  linkType: hard

"react@npm:^18.2.0":
  version: 18.2.0
  resolution: "react@npm:18.2.0"
  checksum: 10c0-vwx234yz0abc123def456ghi789jkl012mno345pqr678stu901vwx234yz0abc
  languageName: node
  linkType: hard

"react-dom@npm:^18.2.0":
  version: 18.2.0
  resolution: "react-dom@npm:18.2.0"
  dependencies:
    react: "npm:^18.2.0"
    scheduler: "npm:^0.23.0"
  checksum: 10c0-yz0abc123def456ghi789jkl012mno345pqr678stu901vwx234yz0abc123def
  languageName: node
  linkType: hard

"scheduler@npm:^0.23.0":
  version: 0.23.0
  resolution: "scheduler@npm:0.23.0"
  checksum: 10c0-123def456ghi789jkl012mno345pqr678stu901vwx234yz0abc123def456ghi
  languageName: node
  linkType: hard

"semver@npm:^7.5.4":
  version: 7.6.0
  resolution: "semver@npm:7.6.0"
  checksum: 10c0-456ghi789jkl012mno345pqr678stu901vwx234yz0abc123def456ghi789jkl
  languageName: node
  linkType: hard

"tslib@npm:^2.6.0":
  version: 2.6.2
  resolution: "tslib@npm:2.6.2"
  checksum: 10c0-789jkl012mno345pqr678stu901vwx234yz0abc123def456ghi789jkl012mno
  languageName: node
  linkType: hard

"typescript@npm:^5.4.0":
  version: 5.4.5
  resolution: "typescript@npm:5.4.5"
  checksum: 10c0-012mno345pqr678stu901vwx234yz0abc123def456ghi789jkl012mno345pqr
  languageName: node
  linkType: hard

"uuid@npm:^9.0.0":
  version: 9.0.1
  resolution: "uuid@npm:9.0.1"
  checksum: 10c0-345pqr678stu901vwx234yz0abc123def456ghi789jkl012mno345pqr678stu
  languageName: node
  linkType: hard

"zod@npm:^3.22.0":
  version: 3.22.4
  resolution: "zod@npm:3.22.4"
  checksum: 10c0-678stu901vwx234yz0abc123def456ghi789jkl012mno345pqr678stu901vwx
  languageName: node
  linkType: hard

"sketchy-lib@npm:^1.0.0":
  version: 1.0.0
  resolution: "sketchy-lib@npm:1.0.0"
  languageName: node
  linkType: soft

"patched-pkg@patch:lodash@npm%3A4.17.21#~/.yarn/patches/lodash-fix.patch::version=4.17.21&hash=abc123":
  version: 4.17.21
  resolution: "patched-pkg@patch:lodash@npm%3A4.17.21#~/.yarn/patches/lodash-fix.patch::version=4.17.21&hash=abc123"
  languageName: node
  linkType: hard
